
Microsoft Visual Studio Solution File, Format Version 12.00
Project("{FAE04EC0-301F-11D3-BF4B-00C04F79EFBC}") = "first task", "first task\first task.csproj", "{FD4963F6-4B1A-4D04-A415-51F9E1A17378}"
EndProject
Project("{FAE04EC0-301F-11D3-BF4B-00C04F79EFBC}") = "task2", "task2\task2.csproj", "{15817CE1-76FB-49AF-82D0-9D4A6519824E}"
EndProject
Global
	GlobalSection(SolutionConfigurationPlatforms) = preSolution
		Debug|Any CPU = Debug|Any CPU
		Release|Any CPU = Release|Any CPU
	EndGlobalSection
	GlobalSection(ProjectConfigurationPlatforms) = postSolution
		{FD4963F6-4B1A-4D04-A415-51F9E1A17378}.Debug|Any CPU.ActiveCfg = Debug|Any CPU
		{FD4963F6-4B1A-4D04-A415-51F9E1A17378}.Debug|Any CPU.Build.0 = Debug|Any CPU
		{FD4963F6-4B1A-4D04-A415-51F9E1A17378}.Release|Any CPU.ActiveCfg = Release|Any CPU
		{FD4963F6-4B1A-4D04-A415-51F9E1A17378}.Release|Any CPU.Build.0 = Release|Any CPU
		{15817CE1-76FB-49AF-82D0-9D4A6519824E}.Debug|Any CPU.ActiveCfg = Debug|Any CPU
		{15817CE1-76FB-49AF-82D0-9D4A6519824E}.Debug|Any CPU.Build.0 = Debug|Any CPU
		{15817CE1-76FB-49AF-82D0-9D4A6519824E}.Release|Any CPU.ActiveCfg = Release|Any CPU
		{15817CE1-76FB-49AF-82D0-9D4A6519824E}.Release|Any CPU.Build.0 = Release|Any CPU
	EndGlobalSection
EndGlobal
